git.sr.ht/~jamesponddotco/acopw-go v0.5.0 h1:tgIn35SBZxmIWcHVBOtXgMsXyT+DwUcgEqNoTkrr4pI=
git.sr.ht/~jamesponddotco/acopw-go v0.5.0/go.mod h1:UVEx2sDvSQFa6p3ZH2ZBLhkGwn/dtVhFe6dqeydDuTU=
git.sr.ht/~jamesponddotco/acopw-go v0.5.1 h1:/xIMVdGM7TYMA5NFgSIjRNVPihwzHLUzjJyVWyJYXZI=
git.sr.ht/~jamesponddotco/acopw-go v0.5.1/go.mod h1:UVEx2sDvSQFa6p3ZH2ZBLhkGwn/dtVhFe6dqeydDuTU=
git.sr.ht/~jamesponddotco/xstd-go v0.0.0-20230506171649-ea779401c9ea h1:vGbjLamrlV9Ie3n+qPXZlHy3gb1mKA51TYqO2z9LNWI=
git.sr.ht/~jamesponddotco/xstd-go v0.0.0-20230506171649-ea779401c9ea/go.mod h1:0tqdK5/MZYSPxAiwtG4LlVfdQ+iaFoksU/FTIGQ/v/Y=
github.com/cpuguy83/go-md2man/v2 v2.0.2 h1:p1EgwI/C7NhT0JmVkwCD2ZBK8j4aeHQX2pMHHBfMQ6w=
github.com/cpuguy83/go-md2man/v2 v2.0.2/go.mod h1:tgQtvFlXSQOSOSIRvRPT7W67SCa46tRHOmNcaadrF8o=
github.com/russross/blackfriday/v2 v2.1.0 h1:JIOH55/0cWyOuilr9/qlrm0BSXldqnqwMsf35Ld67mk=
github.com/russross/blackfriday/v2 v2.1.0/go.mod h1:+Rmxgy9KzJVeS9/2gXHxylqXiyQDYRxCVz55jmeOWTM=
github.com/urfave/cli/v2 v2.25.7 h1:VAzn5oq403l5pHjc4OhD54+XGO9cdKVL/7lDjF+iKUs=
github.com/urfave/cli/v2 v2.25.7/go.mod h1:8qnjx1vcq5s2/wpsqoZFndg2CE5tNFyrTvS6SinrnYQ=
github.com/xrash/smetrics v0.0.0-20201216005158-039620a65673 h1:bAn7/zixMGCfxrRTfdpNzjtPYqr8smhKouy9mxVdGPU=
github.com/xrash/smetrics v0.0.0-20201216005158-039620a65673/go.mod h1:N3UwUGtsrSj3ccvlPHLoLsHnpR27oXr4ZE984MbSER8=
golang.org/x/sys v0.12.0 h1:CM0HF96J0hcLAwsHPJZjfdNzs0gftsLfgKt57wWHJ0o=
golang.org/x/sys v0.12.0/go.mod h1:oPkhp1MJrh7nUepCBck5+mAzfO9JrbApNNgaTdGDITg=
golang.org/x/term v0.12.0 h1:/ZfYdc3zq+q02Rv9vGqTeSItdzZTSNDmfTi0mBAuidU=
golang.org/x/term v0.12.0/go.mod h1:owVbMEjm3cBLCHdkQu9b1opXd4ETQWc3BhuQGKgXgvU=
